
Microsoft Visual Studio Solution File, Format Version 12.00
# Visual Studio Version 17
VisualStudioVersion = 17.1.32421.90
MinimumVisualStudioVersion = 10.0.40219.1
Project("{FAE04EC0-301F-11D3-BF4B-00C04F79EFBC}") = "WeltecEveningBatch", "WeltecEveningBatch.csproj", "{87D2A9B1-E657-450B-92F3-A62FBD9850AD}"
EndProject
Global
	GlobalSection(SolutionConfigurationPlatforms) = preSolution
		Debug|Any CPU = Debug|Any CPU
		Release|Any CPU = Release|Any CPU
	EndGlobalSection
	GlobalSection(ProjectConfigurationPlatforms) = postSolution
		{87D2A9B1-E657-450B-92F3-A62FBD9850AD}.Debug|Any CPU.ActiveCfg = Debug|Any CPU
		{87D2A9B1-E657-450B-92F3-A62FBD9850AD}.Debug|Any CPU.Build.0 = Debug|Any CPU
		{87D2A9B1-E657-450B-92F3-A62FBD9850AD}.Release|Any CPU.ActiveCfg = Release|Any CPU
		{87D2A9B1-E657-450B-92F3-A62FBD9850AD}.Release|Any CPU.Build.0 = Release|Any CPU
	EndGlobalSection
	GlobalSection(SolutionProperties) = preSolution
		HideSolutionNode = FALSE
	EndGlobalSection
	GlobalSection(ExtensibilityGlobals) = postSolution
		SolutionGuid = {A0D7D311-79F9-4270-94B3-D0984F451BDE}
	EndGlobalSection
EndGlobal
